# This file was autogenerated by Stack.
# You should not edit this file by hand.
# For more information, please see the documentation at:
#   https://docs.haskellstack.org/en/stable/topics/lock_files

packages:
- completed:
    hackage: megaparsec-9.7.0@sha256:77e331b4240385974e68d1f8d5ca9014274983cc9ccb8caced743d360c3a409f,3407
    pantry-tree:
      sha256: b8e50b0a933e7d5a0859179203f1dda677fcd57749164168adbd3c815ce733a8
      size: 1612
  original:
    hackage: megaparsec-9.7.0@sha256:77e331b4240385974e68d1f8d5ca9014274983cc9ccb8caced743d360c3a409f,3407
snapshots:
- completed:
    sha256: 1b4c2669e26fa828451830ed4725e4d406acc25a1fa24fcc039465dd13d7a575
    size: 714100
    url: https://raw.githubusercontent.com/commercialhaskell/stackage-snapshots/master/lts/22/6.yaml
  original: lts-22.6
